
Microsoft Visual Studio Solution File, Format Version 12.00
# Visual Studio Version 16
VisualStudioVersion = 16.0.31410.357
MinimumVisualStudioVersion = 10.0.40219.1
Project("{FAE04EC0-301F-11D3-BF4B-00C04F79EFBC}") = "Parser", "Parser\Parser.csproj", "{B4584972-2677-4692-9DEB-D4296D99F869}"
EndProject
Global
	GlobalSection(SolutionConfigurationPlatforms) = preSolution
		Debug|Any CPU = Debug|Any CPU
		Release|Any CPU = Release|Any CPU
	EndGlobalSection
	GlobalSection(ProjectConfigurationPlatforms) = postSolution
		{B4584972-2677-4692-9DEB-D4296D99F869}.Debug|Any CPU.ActiveCfg = Debug|Any CPU
		{B4584972-2677-4692-9DEB-D4296D99F869}.Debug|Any CPU.Build.0 = Debug|Any CPU
		{B4584972-2677-4692-9DEB-D4296D99F869}.Release|Any CPU.ActiveCfg = Release|Any CPU
		{B4584972-2677-4692-9DEB-D4296D99F869}.Release|Any CPU.Build.0 = Release|Any CPU
	EndGlobalSection
	GlobalSection(SolutionProperties) = preSolution
		HideSolutionNode = FALSE
	EndGlobalSection
	GlobalSection(ExtensibilityGlobals) = postSolution
		SolutionGuid = {A0913651-5F99-43A9-9C56-8D48F9592C46}
	EndGlobalSection
EndGlobal
